{
    "_meta": {
        "hash": {
            "sha256": "df9ce0be6a42403eb45d76da80f75ac45428db5ee300cd3b67a1318a603b95ce"
        },
        "pipfile-spec": 6,
        "requires": {
            "python_version": "3.11"
        },
        "sources": [
            {
                "name": "pypi",
                "url": "https://pypi.org/simple",
                "verify_ssl": true
            }
        ]
    },
    "default": {
        "asgiref": {
            "hashes": [
                "sha256:71e68008da809b957b7ee4b43dbccff33d1b23519fb8344e33f049897077afac",
                "sha256:9567dfe7bd8d3c8c892227827c41cce860b368104c3431da67a0c5a65a949506"
            ],
            "markers": "python_version >= '3.7'",
            "version": "==3.6.0"
        },
        "django": {
            "hashes": [
                "sha256:ad33ed68db9398f5dfb33282704925bce044bef4261cd4fb59e4e7f9ae505a78",
                "sha256:c36e2ab12824e2ac36afa8b2515a70c53c7742f0d6eaefa7311ec379558db997"
            ],
            "index": "pypi",
            "version": "==4.2"
        },
        "django-etc": {
            "hashes": [
                "sha256:61aee75a97ef868830260de86f2a69896992776c325624c46827c831101cbd9f",
                "sha256:fa7dbcdba5d0dd3b42eac54463fe24a9e1202a1492ecbf50ed0bc1555074af8f"
            ],
            "version": "==1.4.0"
        },
        "django-hitcount": {
            "hashes": [
                "sha256:5fe70720a75e49bfcee5c4312a7df989bb9e22848039bba1de4406f96fb9cf4d",
                "sha256:b04debff8fd7fe2d255e1d357c27f838aa45c54ed1835b3fd01af30df5319756"
            ],
            "index": "pypi",
            "version": "==1.3.5"
        },
        "sqlparse": {
            "hashes": [
                "sha256:0323c0ec29cd52bceabc1b4d9d579e311f3e4961b98d174201d5622a23b85e34",
                "sha256:69ca804846bb114d2ec380e4360a8a340db83f0ccf3afceeb1404df028f57268"
            ],
            "markers": "python_version >= '3.5'",
            "version": "==0.4.3"
        },
        "tzdata": {
            "hashes": [
                "sha256:11ef1e08e54acb0d4f95bdb1be05da659673de4acbd21bf9c69e94cc5e907a3a",
                "sha256:7e65763eef3120314099b6939b5546db7adce1e7d6f2e179e3df563c70511eda"
            ],
            "markers": "sys_platform == 'win32'",
            "version": "==2023.3"
        }
    },
    "develop": {}
}
